
Microsoft Visual Studio Solution File, Format Version 12.00
# Visual Studio Version 16
VisualStudioVersion = 16.0.30621.155
MinimumVisualStudioVersion = 10.0.40219.1
Project("{FAE04EC0-301F-11D3-BF4B-00C04F79EFBC}") = "NOMINA23", "NOMINA23.csproj", "{4081BFED-59A9-48B6-AB5B-74759DF71C5A}"
EndProject
Global
	GlobalSection(SolutionConfigurationPlatforms) = preSolution
		Debug|Any CPU = Debug|Any CPU
		Release|Any CPU = Release|Any CPU
	EndGlobalSection
	GlobalSection(ProjectConfigurationPlatforms) = postSolution
		{4081BFED-59A9-48B6-AB5B-74759DF71C5A}.Debug|Any CPU.ActiveCfg = Debug|Any CPU
		{4081BFED-59A9-48B6-AB5B-74759DF71C5A}.Debug|Any CPU.Build.0 = Debug|Any CPU
		{4081BFED-59A9-48B6-AB5B-74759DF71C5A}.Release|Any CPU.ActiveCfg = Release|Any CPU
		{4081BFED-59A9-48B6-AB5B-74759DF71C5A}.Release|Any CPU.Build.0 = Release|Any CPU
	EndGlobalSection
	GlobalSection(SolutionProperties) = preSolution
		HideSolutionNode = FALSE
	EndGlobalSection
	GlobalSection(ExtensibilityGlobals) = postSolution
		SolutionGuid = {A29E6ED3-0435-40C6-9C77-5E685F865673}
	EndGlobalSection
EndGlobal
